<?xml version="1.0" encoding="utf-8"?>
<Project ToolsVersion="17.0" xmlns="http://schemas.microsoft.com/developer/msbuild/2003">
  <ItemGroup>
    <ClCompile Include="..\libs\ofxPd\libs\libpd\pthread-win32\pthread-JMP.c" />
  </ItemGroup>
  <ItemGroup>
    <ResourceCompile Include="..\libs\ofxPd\libs\libpd\pthread-win32\version.rc" />
  </ItemGroup>
  <ItemGroup>
    <Filter Include="Source Files">
      <UniqueIdentifier>{C56F6922-3779-3FFE-ACD0-31185441B733}</UniqueIdentifier>
    </Filter>
  </ItemGroup>
</Project>