<?xml version="1.0" encoding="utf-8"?>
<Project ToolsVersion="4.0" xmlns="http://schemas.microsoft.com/developer/msbuild/2003">
  <ItemGroup>
    <ClCompile Include="..\libs\ofxLua\libs\lua\lapi.c" />
    <ClCompile Include="..\libs\ofxLua\libs\lua\lauxlib.c" />
    <ClCompile Include="..\libs\ofxLua\libs\lua\lbaselib.c" />
    <ClCompile Include="..\libs\ofxLua\libs\lua\lbitlib.c" />
    <ClCompile Include="..\libs\ofxLua\libs\lua\lcode.c" />
    <ClCompile Include="..\libs\ofxLua\libs\lua\lcorolib.c" />
    <ClCompile Include="..\libs\ofxLua\libs\lua\lctype.c" />
    <ClCompile Include="..\libs\ofxLua\libs\lua\ldblib.c" />
    <ClCompile Include="..\libs\ofxLua\libs\lua\ldebug.c" />
    <ClCompile Include="..\libs\ofxLua\libs\lua\ldo.c" />
    <ClCompile Include="..\libs\ofxLua\libs\lua\ldump.c" />
    <ClCompile Include="..\libs\ofxLua\libs\lua\lfunc.c" />
    <ClCompile Include="..\libs\ofxLua\libs\lua\lgc.c" />
    <ClCompile Include="..\libs\ofxLua\libs\lua\linit.c" />
    <ClCompile Include="..\libs\ofxLua\libs\lua\liolib.c" />
    <ClCompile Include="..\libs\ofxLua\libs\lua\llex.c" />
    <ClCompile Include="..\libs\ofxLua\libs\lua\lmathlib.c" />
    <ClCompile Include="..\libs\ofxLua\libs\lua\lmem.c" />
    <ClCompile Include="..\libs\ofxLua\libs\lua\loadlib.c" />
    <ClCompile Include="..\libs\ofxLua\libs\lua\lobject.c" />
    <ClCompile Include="..\libs\ofxLua\libs\lua\lopcodes.c" />
    <ClCompile Include="..\libs\ofxLua\libs\lua\loslib.c" />
    <ClCompile Include="..\libs\ofxLua\libs\lua\lparser.c" />
    <ClCompile Include="..\libs\ofxLua\libs\lua\lstate.c" />
    <ClCompile Include="..\libs\ofxLua\libs\lua\lstring.c" />
    <ClCompile Include="..\libs\ofxLua\libs\lua\lstrlib.c" />
    <ClCompile Include="..\libs\ofxLua\libs\lua\ltable.c" />
    <ClCompile Include="..\libs\ofxLua\libs\lua\ltablib.c" />
    <ClCompile Include="..\libs\ofxLua\libs\lua\ltm.c" />
    <ClCompile Include="..\libs\ofxLua\libs\lua\lundump.c" />
    <ClCompile Include="..\libs\ofxLua\libs\lua\lutf8lib.c" />
    <ClCompile Include="..\libs\ofxLua\libs\lua\lvm.c" />
    <ClCompile Include="..\libs\ofxLua\libs\lua\lzio.c" />
    <ClCompile Include="..\libs\ofxLua\src\bindings\desktop\ofBindings.cpp" />
    <ClCompile Include="..\libs\ofxLua\src\bindings\glmBindings.cpp" />
    <ClCompile Include="..\libs\ofxLua\src\ofxLua.cpp" />
    <ClCompile Include="..\libs\ofxLua\src\ofxLuaFileWriter.cpp" />
    <ClCompile Include="..\src\ofxOfelia.cpp" />
    <ClCompile Include="..\src\ofxOfeliaClient.cpp" />
    <ClCompile Include="..\src\ofxOfeliaCreator.cpp" />
    <ClCompile Include="..\src\ofxOfeliaData.cpp" />
    <ClCompile Include="..\src\ofxOfeliaDefine.cpp" />
    <ClCompile Include="..\src\ofxOfeliaEvents.cpp" />
    <ClCompile Include="..\src\ofxOfeliaExists.cpp" />
    <ClCompile Include="..\src\ofxOfeliaFunction.cpp" />
    <ClCompile Include="..\src\ofxOfeliaGet.cpp" />
    <ClCompile Include="..\src\ofxOfeliaGL.cpp" />
    <ClCompile Include="..\src\ofxOfeliaIO.cpp" />
    <ClCompile Include="..\src\ofxOfeliaLog.cpp" />
    <ClCompile Include="..\src\ofxOfeliaLua.cpp" />
    <ClCompile Include="..\src\ofxOfeliaPdBindings.cpp" />
    <ClCompile Include="..\src\ofxOfeliaSet.cpp" />
    <ClCompile Include="..\src\ofxOfeliaSetup.cpp" />
    <ClCompile Include="..\src\ofxOfeliaSignal.cpp" />
    <ClCompile Include="..\src\ofxOfeliaTextBuf.cpp" />
  </ItemGroup>
  <ItemGroup>
    <Filter Include="src">
      <UniqueIdentifier>{d8376475-7454-4a24-b08a-aac121d3ad6f}</UniqueIdentifier>
    </Filter>
    <Filter Include="addons">
      <UniqueIdentifier>{36c01286-804e-4115-80dc-882ba02ba3d9}</UniqueIdentifier>
    </Filter>
    <Filter Include="addons\ofxOfelia">
      <UniqueIdentifier>{695a2602-6046-4092-af68-ae241e1c17c9}</UniqueIdentifier>
    </Filter>
    <Filter Include="addons\ofxOfelia\libs">
      <UniqueIdentifier>{573ff490-8cc1-4142-ac08-dff509c26e43}</UniqueIdentifier>
    </Filter>
    <Filter Include="addons\ofxOfelia\libs\ofxLua">
      <UniqueIdentifier>{ea12ae9b-797d-4372-ae51-eb8ec5a0ee6f}</UniqueIdentifier>
    </Filter>
    <Filter Include="addons\ofxOfelia\libs\ofxLua\src">
      <UniqueIdentifier>{252e21cb-39e5-47bd-a4bf-67539e153d38}</UniqueIdentifier>
    </Filter>
    <Filter Include="addons\ofxOfelia\libs\ofxLua\src\bindings">
      <UniqueIdentifier>{f2e439f6-ae48-4d56-89e9-77d9042c40d9}</UniqueIdentifier>
    </Filter>
    <Filter Include="addons\ofxOfelia\libs\ofxLua\src\bindings\desktop">
      <UniqueIdentifier>{fb8c608c-dbe6-4a76-9373-2d273e1388fa}</UniqueIdentifier>
    </Filter>
    <Filter Include="addons\ofxOfelia\libs\ofxLua\libs">
      <UniqueIdentifier>{4d231016-e19d-497b-9e93-fb6564172e6a}</UniqueIdentifier>
    </Filter>
    <Filter Include="addons\ofxOfelia\libs\ofxLua\libs\lua">
      <UniqueIdentifier>{60114ebb-73ac-48b6-a439-bf1a71867845}</UniqueIdentifier>
    </Filter>
    <Filter Include="addons\ofxOfelia\src">
      <UniqueIdentifier>{0e2221ef-fba5-47f2-b119-a20b9697395e}</UniqueIdentifier>
    </Filter>
  </ItemGroup>
  <ItemGroup>
    <ClInclude Include="..\libs\ofxLua\libs\lua\lapi.h" />
    <ClInclude Include="..\libs\ofxLua\libs\lua\lauxlib.h" />
    <ClInclude Include="..\libs\ofxLua\libs\lua\lcode.h" />
    <ClInclude Include="..\libs\ofxLua\libs\lua\lctype.h" />
    <ClInclude Include="..\libs\ofxLua\libs\lua\ldebug.h" />
    <ClInclude Include="..\libs\ofxLua\libs\lua\ldo.h" />
    <ClInclude Include="..\libs\ofxLua\libs\lua\lfunc.h" />
    <ClInclude Include="..\libs\ofxLua\libs\lua\lgc.h" />
    <ClInclude Include="..\libs\ofxLua\libs\lua\llex.h" />
    <ClInclude Include="..\libs\ofxLua\libs\lua\llimits.h" />
    <ClInclude Include="..\libs\ofxLua\libs\lua\lmem.h" />
    <ClInclude Include="..\libs\ofxLua\libs\lua\lobject.h" />
    <ClInclude Include="..\libs\ofxLua\libs\lua\lopcodes.h" />
    <ClInclude Include="..\libs\ofxLua\libs\lua\lparser.h" />
    <ClInclude Include="..\libs\ofxLua\libs\lua\lprefix.h" />
    <ClInclude Include="..\libs\ofxLua\libs\lua\lstate.h" />
    <ClInclude Include="..\libs\ofxLua\libs\lua\lstring.h" />
    <ClInclude Include="..\libs\ofxLua\libs\lua\ltable.h" />
    <ClInclude Include="..\libs\ofxLua\libs\lua\ltm.h" />
    <ClInclude Include="..\libs\ofxLua\libs\lua\lua.h" />
    <ClInclude Include="..\libs\ofxLua\libs\lua\lua.hpp" />
    <ClInclude Include="..\libs\ofxLua\libs\lua\luaconf.h" />
    <ClInclude Include="..\libs\ofxLua\libs\lua\lualib.h" />
    <ClInclude Include="..\libs\ofxLua\libs\lua\lundump.h" />
    <ClInclude Include="..\libs\ofxLua\libs\lua\lvm.h" />
    <ClInclude Include="..\libs\ofxLua\libs\lua\lzio.h" />
    <ClInclude Include="..\libs\ofxLua\src\bindings\ofBindings.h" />
    <ClInclude Include="..\libs\ofxLua\src\ofxLua.h" />
    <ClInclude Include="..\libs\ofxLua\src\ofxLuaFileWriter.h" />
    <ClInclude Include="..\src\ofxOfelia.h" />
    <ClInclude Include="..\src\ofxOfeliaClient.h" />
    <ClInclude Include="..\src\ofxOfeliaCreator.h" />
    <ClInclude Include="..\src\ofxOfeliaData.h" />
    <ClInclude Include="..\src\ofxOfeliaDefine.h" />
    <ClInclude Include="..\src\ofxOfeliaEvents.h" />
    <ClInclude Include="..\src\ofxOfeliaExists.h" />
    <ClInclude Include="..\src\ofxOfeliaFunction.h" />
    <ClInclude Include="..\src\ofxOfeliaGet.h" />
    <ClInclude Include="..\src\ofxOfeliaGL.h" />
    <ClInclude Include="..\src\ofxOfeliaIO.h" />
    <ClInclude Include="..\src\ofxOfeliaLog.h" />
    <ClInclude Include="..\src\ofxOfeliaLua.h" />
    <ClInclude Include="..\src\ofxOfeliaPdBindings.h" />
    <ClInclude Include="..\src\ofxOfeliaSet.h" />
    <ClInclude Include="..\src\ofxOfeliaSetup.h" />
    <ClInclude Include="..\src\ofxOfeliaSignal.h" />
    <ClInclude Include="..\src\ofxOfeliaTextBuf.h" />
  </ItemGroup>
  <ItemGroup>
    <ResourceCompile Include="icon.rc" />
  </ItemGroup>
</Project>