<?xml version="1.0" encoding="utf-8"?>
<Project ToolsVersion="17.0" xmlns="http://schemas.microsoft.com/developer/msbuild/2003">
  <ItemGroup>
    <ClCompile Include="..\libs\ofxPd\libs\libpd\pure-data\src\d_arithmetic.c" />
    <ClCompile Include="..\libs\ofxPd\libs\libpd\pure-data\src\d_array.c" />
    <ClCompile Include="..\libs\ofxPd\libs\libpd\pure-data\src\d_ctl.c" />
    <ClCompile Include="..\libs\ofxPd\libs\libpd\pure-data\src\d_dac.c" />
    <ClCompile Include="..\libs\ofxPd\libs\libpd\pure-data\src\d_delay.c" />
    <ClCompile Include="..\libs\ofxPd\libs\libpd\pure-data\src\d_fft.c" />
    <ClCompile Include="..\libs\ofxPd\libs\libpd\pure-data\src\d_fft_fftsg.c" />
    <ClCompile Include="..\libs\ofxPd\libs\libpd\pure-data\src\d_filter.c" />
    <ClCompile Include="..\libs\ofxPd\libs\libpd\pure-data\src\d_global.c" />
    <ClCompile Include="..\libs\ofxPd\libs\libpd\pure-data\src\d_math.c" />
    <ClCompile Include="..\libs\ofxPd\libs\libpd\pure-data\src\d_misc.c" />
    <ClCompile Include="..\libs\ofxPd\libs\libpd\pure-data\src\d_osc.c" />
    <ClCompile Include="..\libs\ofxPd\libs\libpd\pure-data\src\d_resample.c" />
    <ClCompile Include="..\libs\ofxPd\libs\libpd\pure-data\src\d_soundfile.c" />
    <ClCompile Include="..\libs\ofxPd\libs\libpd\pure-data\src\d_soundfile_aiff.c" />
    <ClCompile Include="..\libs\ofxPd\libs\libpd\pure-data\src\d_soundfile_caf.c" />
    <ClCompile Include="..\libs\ofxPd\libs\libpd\pure-data\src\d_soundfile_next.c" />
    <ClCompile Include="..\libs\ofxPd\libs\libpd\pure-data\src\d_soundfile_wave.c" />
    <ClCompile Include="..\libs\ofxPd\libs\libpd\pure-data\src\d_ugen.c" />
    <ClCompile Include="..\libs\ofxPd\libs\libpd\pure-data\src\g_all_guis.c" />
    <ClCompile Include="..\libs\ofxPd\libs\libpd\pure-data\src\g_array.c" />
    <ClCompile Include="..\libs\ofxPd\libs\libpd\pure-data\src\g_bang.c" />
    <ClCompile Include="..\libs\ofxPd\libs\libpd\pure-data\src\g_canvas.c" />
    <ClCompile Include="..\libs\ofxPd\libs\libpd\pure-data\src\g_clone.c" />
    <ClCompile Include="..\libs\ofxPd\libs\libpd\pure-data\src\g_editor.c" />
    <ClCompile Include="..\libs\ofxPd\libs\libpd\pure-data\src\g_editor_extras.c" />
    <ClCompile Include="..\libs\ofxPd\libs\libpd\pure-data\src\g_graph.c" />
    <ClCompile Include="..\libs\ofxPd\libs\libpd\pure-data\src\g_guiconnect.c" />
    <ClCompile Include="..\libs\ofxPd\libs\libpd\pure-data\src\g_io.c" />
    <ClCompile Include="..\libs\ofxPd\libs\libpd\pure-data\src\g_mycanvas.c" />
    <ClCompile Include="..\libs\ofxPd\libs\libpd\pure-data\src\g_numbox.c" />
    <ClCompile Include="..\libs\ofxPd\libs\libpd\pure-data\src\g_radio.c" />
    <ClCompile Include="..\libs\ofxPd\libs\libpd\pure-data\src\g_readwrite.c" />
    <ClCompile Include="..\libs\ofxPd\libs\libpd\pure-data\src\g_rtext.c" />
    <ClCompile Include="..\libs\ofxPd\libs\libpd\pure-data\src\g_scalar.c" />
    <ClCompile Include="..\libs\ofxPd\libs\libpd\pure-data\src\g_slider.c" />
    <ClCompile Include="..\libs\ofxPd\libs\libpd\pure-data\src\g_template.c" />
    <ClCompile Include="..\libs\ofxPd\libs\libpd\pure-data\src\g_text.c" />
    <ClCompile Include="..\libs\ofxPd\libs\libpd\pure-data\src\g_toggle.c" />
    <ClCompile Include="..\libs\ofxPd\libs\libpd\pure-data\src\g_traversal.c" />
    <ClCompile Include="..\libs\ofxPd\libs\libpd\pure-data\src\g_undo.c" />
    <ClCompile Include="..\libs\ofxPd\libs\libpd\pure-data\src\g_vumeter.c" />
    <ClCompile Include="..\libs\ofxPd\libs\libpd\pure-data\src\m_atom.c" />
    <ClCompile Include="..\libs\ofxPd\libs\libpd\pure-data\src\m_binbuf.c" />
    <ClCompile Include="..\libs\ofxPd\libs\libpd\pure-data\src\m_class.c" />
    <ClCompile Include="..\libs\ofxPd\libs\libpd\pure-data\src\m_conf.c" />
    <ClCompile Include="..\libs\ofxPd\libs\libpd\pure-data\src\m_glob.c" />
    <ClCompile Include="..\libs\ofxPd\libs\libpd\pure-data\src\m_memory.c" />
    <ClCompile Include="..\libs\ofxPd\libs\libpd\pure-data\src\m_obj.c" />
    <ClCompile Include="..\libs\ofxPd\libs\libpd\pure-data\src\m_pd.c" />
    <ClCompile Include="..\libs\ofxPd\libs\libpd\pure-data\src\m_sched.c" />
    <ClCompile Include="..\libs\ofxPd\libs\libpd\pure-data\src\s_audio.c" />
    <ClCompile Include="..\libs\ofxPd\libs\libpd\pure-data\src\s_audio_dummy.c" />
    <ClCompile Include="..\libs\ofxPd\libs\libpd\pure-data\src\s_inter.c" />
    <ClCompile Include="..\libs\ofxPd\libs\libpd\pure-data\src\s_inter_gui.c" />
    <ClCompile Include="..\libs\ofxPd\libs\libpd\pure-data\src\s_loader.c" />
    <ClCompile Include="..\libs\ofxPd\libs\libpd\pure-data\src\s_main.c" />
    <ClCompile Include="..\libs\ofxPd\libs\libpd\pure-data\src\s_net.c" />
    <ClCompile Include="..\libs\ofxPd\libs\libpd\pure-data\src\s_path.c" />
    <ClCompile Include="..\libs\ofxPd\libs\libpd\pure-data\src\s_print.c" />
    <ClCompile Include="..\libs\ofxPd\libs\libpd\pure-data\src\s_utf8.c" />
    <ClCompile Include="..\libs\ofxPd\libs\libpd\pure-data\src\x_acoustics.c" />
    <ClCompile Include="..\libs\ofxPd\libs\libpd\pure-data\src\x_arithmetic.c" />
    <ClCompile Include="..\libs\ofxPd\libs\libpd\pure-data\src\x_array.c" />
    <ClCompile Include="..\libs\ofxPd\libs\libpd\pure-data\src\x_connective.c" />
    <ClCompile Include="..\libs\ofxPd\libs\libpd\pure-data\src\x_file.c" />
    <ClCompile Include="..\libs\ofxPd\libs\libpd\pure-data\src\x_gui.c" />
    <ClCompile Include="..\libs\ofxPd\libs\libpd\pure-data\src\x_interface.c" />
    <ClCompile Include="..\libs\ofxPd\libs\libpd\pure-data\src\x_list.c" />
    <ClCompile Include="..\libs\ofxPd\libs\libpd\pure-data\src\x_midi.c" />
    <ClCompile Include="..\libs\ofxPd\libs\libpd\pure-data\src\x_misc.c" />
    <ClCompile Include="..\libs\ofxPd\libs\libpd\pure-data\src\x_net.c" />
    <ClCompile Include="..\libs\ofxPd\libs\libpd\pure-data\src\x_scalar.c" />
    <ClCompile Include="..\libs\ofxPd\libs\libpd\pure-data\src\x_text.c" />
    <ClCompile Include="..\libs\ofxPd\libs\libpd\pure-data\src\x_time.c" />
    <ClCompile Include="..\libs\ofxPd\libs\libpd\pure-data\src\x_vexp.c" />
    <ClCompile Include="..\libs\ofxPd\libs\libpd\pure-data\src\x_vexp_fun.c" />
    <ClCompile Include="..\libs\ofxPd\libs\libpd\pure-data\src\x_vexp_if.c" />
    <ClCompile Include="..\libs\ofxPd\libs\libpd\pure-data\src\z_hooks.c" />
    <ClCompile Include="..\libs\ofxPd\libs\libpd\pure-data\src\z_libpd.c" />
    <ClCompile Include="..\libs\ofxPd\libs\libpd\pure-data\src\z_print_util.c" />
    <ClCompile Include="..\libs\ofxPd\libs\libpd\pure-data\extra\bob~\bob~.c" />
    <ClCompile Include="..\libs\ofxPd\libs\libpd\pure-data\extra\bonk~\bonk~.c" />
    <ClCompile Include="..\libs\ofxPd\libs\libpd\pure-data\extra\choice\choice.c" />
    <ClCompile Include="..\libs\ofxPd\libs\libpd\pure-data\extra\fiddle~\fiddle~.c" />
    <ClCompile Include="..\libs\ofxPd\libs\libpd\pure-data\extra\loop~\loop~.c" />
    <ClCompile Include="..\libs\ofxPd\libs\libpd\pure-data\extra\lrshift~\lrshift~.c" />
    <ClCompile Include="..\libs\ofxPd\libs\libpd\pure-data\extra\pd~\pdsched.c" />
    <ClCompile Include="..\libs\ofxPd\libs\libpd\pure-data\extra\pd~\pd~.c" />
    <ClCompile Include="..\libs\ofxPd\libs\libpd\pure-data\extra\pique\pique.c" />
    <ClCompile Include="..\libs\ofxPd\libs\libpd\pure-data\extra\sigmund~\sigmund~.c" />
    <ClCompile Include="..\libs\ofxPd\libs\libpd\pure-data\extra\stdout\stdout.c" />
  </ItemGroup>
  <ItemGroup>
    <ClInclude Include="..\libs\ofxPd\libs\libpd\pure-data\src\g_all_guis.h" />
    <ClInclude Include="..\libs\ofxPd\libs\libpd\pure-data\src\g_canvas.h" />
    <ClInclude Include="..\libs\ofxPd\libs\libpd\pure-data\src\g_undo.h" />
    <ClInclude Include="..\libs\ofxPd\libs\libpd\pure-data\src\m_imp.h" />
    <ClInclude Include="..\libs\ofxPd\libs\libpd\pure-data\src\m_pd.h" />
    <ClInclude Include="..\libs\ofxPd\libs\libpd\pure-data\src\s_inter.h" />
    <ClInclude Include="..\libs\ofxPd\libs\libpd\pure-data\src\s_net.h" />
    <ClInclude Include="..\libs\ofxPd\libs\libpd\pure-data\src\s_stuff.h" />
    <ClInclude Include="..\libs\ofxPd\libs\libpd\pure-data\src\s_utf8.h" />
  </ItemGroup>
  <ItemGroup>
    <CustomBuild Include="C:\Users\timschoen\PlugData\Libraries\CMakeLists.txt" />
  </ItemGroup>
  <ItemGroup>
    <Filter Include="libpd">
      <UniqueIdentifier>{7F5905EB-35A7-3A19-9B28-49805840A975}</UniqueIdentifier>
    </Filter>
    <Filter Include="pd">
      <UniqueIdentifier>{EC953F82-E281-3DBE-9A9E-051542CEA723}</UniqueIdentifier>
    </Filter>
    <Filter Include="pd\extra">
      <UniqueIdentifier>{365CEEA7-54C8-39D8-BB90-C9781657B4FA}</UniqueIdentifier>
    </Filter>
  </ItemGroup>
</Project>